
Microsoft Visual Studio Solution File, Format Version 12.00
# Visual Studio 14
VisualStudioVersion = 14.0.25420.1
MinimumVisualStudioVersion = 10.0.40219.1
Project("{FAE04EC0-301F-11D3-BF4B-00C04F79EFBC}") = "Mycontact", "Mycontact\Mycontact\Mycontact.csproj", "{4F7A59F5-D2EA-4A7F-8F2C-2E554D29407F}"
EndProject
Project("{FAE04EC0-301F-11D3-BF4B-00C04F79EFBC}") = "Mycontact.Droid", "Mycontact\Mycontact.Droid\Mycontact.Droid.csproj", "{E63F39CF-F042-4503-8E52-B4FA4324CF37}"
EndProject
Project("{FAE04EC0-301F-11D3-BF4B-00C04F79EFBC}") = "Mycontact.iOS", "Mycontact\Mycontact.iOS\Mycontact.iOS.csproj", "{52F0848D-9BB8-46DC-8E5C-99B288D5E2A8}"
EndProject
Global
	GlobalSection(SolutionConfigurationPlatforms) = preSolution
		Ad-Hoc|Any CPU = Ad-Hoc|Any CPU
		Ad-Hoc|ARM = Ad-Hoc|ARM
		Ad-Hoc|iPhone = Ad-Hoc|iPhone
		Ad-Hoc|iPhoneSimulator = Ad-Hoc|iPhoneSimulator
		Ad-Hoc|x64 = Ad-Hoc|x64
		Ad-Hoc|x86 = Ad-Hoc|x86
		AppStore|Any CPU = AppStore|Any CPU
		AppStore|ARM = AppStore|ARM
		AppStore|iPhone = AppStore|iPhone
		AppStore|iPhoneSimulator = AppStore|iPhoneSimulator
		AppStore|x64 = AppStore|x64
		AppStore|x86 = AppStore|x86
		Debug|Any CPU = Debug|Any CPU
		Debug|ARM = Debug|ARM
		Debug|iPhone = Debug|iPhone
		Debug|iPhoneSimulator = Debug|iPhoneSimulator
		Debug|x64 = Debug|x64
		Debug|x86 = Debug|x86
		Release|Any CPU = Release|Any CPU
		Release|ARM = Release|ARM
		Release|iPhone = Release|iPhone
		Release|iPhoneSimulator = Release|iPhoneSimulator
		Release|x64 = Release|x64
		Release|x86 = Release|x86
	EndGlobalSection
	GlobalSection(ProjectConfigurationPlatforms) = postSolution
		{4F7A59F5-D2EA-4A7F-8F2C-2E554D29407F}.Ad-Hoc|Any CPU.ActiveCfg = Release|Any CPU
		{4F7A59F5-D2EA-4A7F-8F2C-2E554D29407F}.Ad-Hoc|Any CPU.Build.0 = Release|Any CPU
		{4F7A59F5-D2EA-4A7F-8F2C-2E554D29407F}.Ad-Hoc|ARM.ActiveCfg = Release|Any CPU
		{4F7A59F5-D2EA-4A7F-8F2C-2E554D29407F}.Ad-Hoc|ARM.Build.0 = Release|Any CPU
		{4F7A59F5-D2EA-4A7F-8F2C-2E554D29407F}.Ad-Hoc|iPhone.ActiveCfg = Release|Any CPU
		{4F7A59F5-D2EA-4A7F-8F2C-2E554D29407F}.Ad-Hoc|iPhone.Build.0 = Release|Any CPU
		{4F7A59F5-D2EA-4A7F-8F2C-2E554D29407F}.Ad-Hoc|iPhoneSimulator.ActiveCfg = Release|Any CPU
		{4F7A59F5-D2EA-4A7F-8F2C-2E554D29407F}.Ad-Hoc|iPhoneSimulator.Build.0 = Release|Any CPU
		{4F7A59F5-D2EA-4A7F-8F2C-2E554D29407F}.Ad-Hoc|x64.ActiveCfg = Release|Any CPU
		{4F7A59F5-D2EA-4A7F-8F2C-2E554D29407F}.Ad-Hoc|x64.Build.0 = Release|Any CPU
		{4F7A59F5-D2EA-4A7F-8F2C-2E554D29407F}.Ad-Hoc|x86.ActiveCfg = Release|Any CPU
		{4F7A59F5-D2EA-4A7F-8F2C-2E554D29407F}.Ad-Hoc|x86.Build.0 = Release|Any CPU
		{4F7A59F5-D2EA-4A7F-8F2C-2E554D29407F}.AppStore|Any CPU.ActiveCfg = Release|Any CPU
		{4F7A59F5-D2EA-4A7F-8F2C-2E554D29407F}.AppStore|Any CPU.Build.0 = Release|Any CPU
		{4F7A59F5-D2EA-4A7F-8F2C-2E554D29407F}.AppStore|ARM.ActiveCfg = Release|Any CPU
		{4F7A59F5-D2EA-4A7F-8F2C-2E554D29407F}.AppStore|ARM.Build.0 = Release|Any CPU
		{4F7A59F5-D2EA-4A7F-8F2C-2E554D29407F}.AppStore|iPhone.ActiveCfg = Release|Any CPU
		{4F7A59F5-D2EA-4A7F-8F2C-2E554D29407F}.AppStore|iPhone.Build.0 = Release|Any CPU
		{4F7A59F5-D2EA-4A7F-8F2C-2E554D29407F}.AppStore|iPhoneSimulator.ActiveCfg = Release|Any CPU
		{4F7A59F5-D2EA-4A7F-8F2C-2E554D29407F}.AppStore|iPhoneSimulator.Build.0 = Release|Any CPU
		{4F7A59F5-D2EA-4A7F-8F2C-2E554D29407F}.AppStore|x64.ActiveCfg = Release|Any CPU
		{4F7A59F5-D2EA-4A7F-8F2C-2E554D29407F}.AppStore|x64.Build.0 = Release|Any CPU
		{4F7A59F5-D2EA-4A7F-8F2C-2E554D29407F}.AppStore|x86.ActiveCfg = Release|Any CPU
		{4F7A59F5-D2EA-4A7F-8F2C-2E554D29407F}.AppStore|x86.Build.0 = Release|Any CPU
		{4F7A59F5-D2EA-4A7F-8F2C-2E554D29407F}.Debug|Any CPU.ActiveCfg = Debug|Any CPU
		{4F7A59F5-D2EA-4A7F-8F2C-2E554D29407F}.Debug|Any CPU.Build.0 = Debug|Any CPU
		{4F7A59F5-D2EA-4A7F-8F2C-2E554D29407F}.Debug|ARM.ActiveCfg = Debug|Any CPU
		{4F7A59F5-D2EA-4A7F-8F2C-2E554D29407F}.Debug|ARM.Build.0 = Debug|Any CPU
		{4F7A59F5-D2EA-4A7F-8F2C-2E554D29407F}.Debug|iPhone.ActiveCfg = Debug|Any CPU
		{4F7A59F5-D2EA-4A7F-8F2C-2E554D29407F}.Debug|iPhone.Build.0 = Debug|Any CPU
		{4F7A59F5-D2EA-4A7F-8F2C-2E554D29407F}.Debug|iPhoneSimulator.ActiveCfg = Debug|Any CPU
		{4F7A59F5-D2EA-4A7F-8F2C-2E554D29407F}.Debug|iPhoneSimulator.Build.0 = Debug|Any CPU
		{4F7A59F5-D2EA-4A7F-8F2C-2E554D29407F}.Debug|x64.ActiveCfg = Debug|Any CPU
		{4F7A59F5-D2EA-4A7F-8F2C-2E554D29407F}.Debug|x64.Build.0 = Debug|Any CPU
		{4F7A59F5-D2EA-4A7F-8F2C-2E554D29407F}.Debug|x86.ActiveCfg = Debug|Any CPU
		{4F7A59F5-D2EA-4A7F-8F2C-2E554D29407F}.Debug|x86.Build.0 = Debug|Any CPU
		{4F7A59F5-D2EA-4A7F-8F2C-2E554D29407F}.Release|Any CPU.ActiveCfg = Release|Any CPU
		{4F7A59F5-D2EA-4A7F-8F2C-2E554D29407F}.Release|Any CPU.Build.0 = Release|Any CPU
		{4F7A59F5-D2EA-4A7F-8F2C-2E554D29407F}.Release|ARM.ActiveCfg = Release|Any CPU
		{4F7A59F5-D2EA-4A7F-8F2C-2E554D29407F}.Release|ARM.Build.0 = Release|Any CPU
		{4F7A59F5-D2EA-4A7F-8F2C-2E554D29407F}.Release|iPhone.ActiveCfg = Release|Any CPU
		{4F7A59F5-D2EA-4A7F-8F2C-2E554D29407F}.Release|iPhone.Build.0 = Release|Any CPU
		{4F7A59F5-D2EA-4A7F-8F2C-2E554D29407F}.Release|iPhoneSimulator.ActiveCfg = Release|Any CPU
		{4F7A59F5-D2EA-4A7F-8F2C-2E554D29407F}.Release|iPhoneSimulator.Build.0 = Release|Any CPU
		{4F7A59F5-D2EA-4A7F-8F2C-2E554D29407F}.Release|x64.ActiveCfg = Release|Any CPU
		{4F7A59F5-D2EA-4A7F-8F2C-2E554D29407F}.Release|x64.Build.0 = Release|Any CPU
		{4F7A59F5-D2EA-4A7F-8F2C-2E554D29407F}.Release|x86.ActiveCfg = Release|Any CPU
		{4F7A59F5-D2EA-4A7F-8F2C-2E554D29407F}.Release|x86.Build.0 = Release|Any CPU
		{E63F39CF-F042-4503-8E52-B4FA4324CF37}.Ad-Hoc|Any CPU.ActiveCfg = Release|Any CPU
		{E63F39CF-F042-4503-8E52-B4FA4324CF37}.Ad-Hoc|Any CPU.Build.0 = Release|Any CPU
		{E63F39CF-F042-4503-8E52-B4FA4324CF37}.Ad-Hoc|Any CPU.Deploy.0 = Release|Any CPU
		{E63F39CF-F042-4503-8E52-B4FA4324CF37}.Ad-Hoc|ARM.ActiveCfg = Release|Any CPU
		{E63F39CF-F042-4503-8E52-B4FA4324CF37}.Ad-Hoc|ARM.Build.0 = Release|Any CPU
		{E63F39CF-F042-4503-8E52-B4FA4324CF37}.Ad-Hoc|ARM.Deploy.0 = Release|Any CPU
		{E63F39CF-F042-4503-8E52-B4FA4324CF37}.Ad-Hoc|iPhone.ActiveCfg = Release|Any CPU
		{E63F39CF-F042-4503-8E52-B4FA4324CF37}.Ad-Hoc|iPhone.Build.0 = Release|Any CPU
		{E63F39CF-F042-4503-8E52-B4FA4324CF37}.Ad-Hoc|iPhone.Deploy.0 = Release|Any CPU
		{E63F39CF-F042-4503-8E52-B4FA4324CF37}.Ad-Hoc|iPhoneSimulator.ActiveCfg = Release|Any CPU
		{E63F39CF-F042-4503-8E52-B4FA4324CF37}.Ad-Hoc|iPhoneSimulator.Build.0 = Release|Any CPU
		{E63F39CF-F042-4503-8E52-B4FA4324CF37}.Ad-Hoc|iPhoneSimulator.Deploy.0 = Release|Any CPU
		{E63F39CF-F042-4503-8E52-B4FA4324CF37}.Ad-Hoc|x64.ActiveCfg = Release|Any CPU
		{E63F39CF-F042-4503-8E52-B4FA4324CF37}.Ad-Hoc|x64.Build.0 = Release|Any CPU
		{E63F39CF-F042-4503-8E52-B4FA4324CF37}.Ad-Hoc|x64.Deploy.0 = Release|Any CPU
		{E63F39CF-F042-4503-8E52-B4FA4324CF37}.Ad-Hoc|x86.ActiveCfg = Release|Any CPU
		{E63F39CF-F042-4503-8E52-B4FA4324CF37}.Ad-Hoc|x86.Build.0 = Release|Any CPU
		{E63F39CF-F042-4503-8E52-B4FA4324CF37}.Ad-Hoc|x86.Deploy.0 = Release|Any CPU
		{E63F39CF-F042-4503-8E52-B4FA4324CF37}.AppStore|Any CPU.ActiveCfg = Release|Any CPU
		{E63F39CF-F042-4503-8E52-B4FA4324CF37}.AppStore|Any CPU.Build.0 = Release|Any CPU
		{E63F39CF-F042-4503-8E52-B4FA4324CF37}.AppStore|Any CPU.Deploy.0 = Release|Any CPU
		{E63F39CF-F042-4503-8E52-B4FA4324CF37}.AppStore|ARM.ActiveCfg = Release|Any CPU
		{E63F39CF-F042-4503-8E52-B4FA4324CF37}.AppStore|ARM.Build.0 = Release|Any CPU
		{E63F39CF-F042-4503-8E52-B4FA4324CF37}.AppStore|ARM.Deploy.0 = Release|Any CPU
		{E63F39CF-F042-4503-8E52-B4FA4324CF37}.AppStore|iPhone.ActiveCfg = Release|Any CPU
		{E63F39CF-F042-4503-8E52-B4FA4324CF37}.AppStore|iPhone.Build.0 = Release|Any CPU
		{E63F39CF-F042-4503-8E52-B4FA4324CF37}.AppStore|iPhone.Deploy.0 = Release|Any CPU
		{E63F39CF-F042-4503-8E52-B4FA4324CF37}.AppStore|iPhoneSimulator.ActiveCfg = Release|Any CPU
		{E63F39CF-F042-4503-8E52-B4FA4324CF37}.AppStore|iPhoneSimulator.Build.0 = Release|Any CPU
		{E63F39CF-F042-4503-8E52-B4FA4324CF37}.AppStore|iPhoneSimulator.Deploy.0 = Release|Any CPU
		{E63F39CF-F042-4503-8E52-B4FA4324CF37}.AppStore|x64.ActiveCfg = Release|Any CPU
		{E63F39CF-F042-4503-8E52-B4FA4324CF37}.AppStore|x64.Build.0 = Release|Any CPU
		{E63F39CF-F042-4503-8E52-B4FA4324CF37}.AppStore|x64.Deploy.0 = Release|Any CPU
		{E63F39CF-F042-4503-8E52-B4FA4324CF37}.AppStore|x86.ActiveCfg = Release|Any CPU
		{E63F39CF-F042-4503-8E52-B4FA4324CF37}.AppStore|x86.Build.0 = Release|Any CPU
		{E63F39CF-F042-4503-8E52-B4FA4324CF37}.AppStore|x86.Deploy.0 = Release|Any CPU
		{E63F39CF-F042-4503-8E52-B4FA4324CF37}.Debug|Any CPU.ActiveCfg = Debug|Any CPU
		{E63F39CF-F042-4503-8E52-B4FA4324CF37}.Debug|Any CPU.Build.0 = Debug|Any CPU
		{E63F39CF-F042-4503-8E52-B4FA4324CF37}.Debug|Any CPU.Deploy.0 = Debug|Any CPU
		{E63F39CF-F042-4503-8E52-B4FA4324CF37}.Debug|ARM.ActiveCfg = Debug|Any CPU
		{E63F39CF-F042-4503-8E52-B4FA4324CF37}.Debug|ARM.Build.0 = Debug|Any CPU
		{E63F39CF-F042-4503-8E52-B4FA4324CF37}.Debug|ARM.Deploy.0 = Debug|Any CPU
		{E63F39CF-F042-4503-8E52-B4FA4324CF37}.Debug|iPhone.ActiveCfg = Debug|Any CPU
		{E63F39CF-F042-4503-8E52-B4FA4324CF37}.Debug|iPhone.Build.0 = Debug|Any CPU
		{E63F39CF-F042-4503-8E52-B4FA4324CF37}.Debug|iPhone.Deploy.0 = Debug|Any CPU
		{E63F39CF-F042-4503-8E52-B4FA4324CF37}.Debug|iPhoneSimulator.ActiveCfg = Debug|Any CPU
		{E63F39CF-F042-4503-8E52-B4FA4324CF37}.Debug|iPhoneSimulator.Build.0 = Debug|Any CPU
		{E63F39CF-F042-4503-8E52-B4FA4324CF37}.Debug|iPhoneSimulator.Deploy.0 = Debug|Any CPU
		{E63F39CF-F042-4503-8E52-B4FA4324CF37}.Debug|x64.ActiveCfg = Debug|Any CPU
		{E63F39CF-F042-4503-8E52-B4FA4324CF37}.Debug|x64.Build.0 = Debug|Any CPU
		{E63F39CF-F042-4503-8E52-B4FA4324CF37}.Debug|x64.Deploy.0 = Debug|Any CPU
		{E63F39CF-F042-4503-8E52-B4FA4324CF37}.Debug|x86.ActiveCfg = Debug|Any CPU
		{E63F39CF-F042-4503-8E52-B4FA4324CF37}.Debug|x86.Build.0 = Debug|Any CPU
		{E63F39CF-F042-4503-8E52-B4FA4324CF37}.Debug|x86.Deploy.0 = Debug|Any CPU
		{E63F39CF-F042-4503-8E52-B4FA4324CF37}.Release|Any CPU.ActiveCfg = Release|Any CPU
		{E63F39CF-F042-4503-8E52-B4FA4324CF37}.Release|Any CPU.Build.0 = Release|Any CPU
		{E63F39CF-F042-4503-8E52-B4FA4324CF37}.Release|Any CPU.Deploy.0 = Release|Any CPU
		{E63F39CF-F042-4503-8E52-B4FA4324CF37}.Release|ARM.ActiveCfg = Release|Any CPU
		{E63F39CF-F042-4503-8E52-B4FA4324CF37}.Release|ARM.Build.0 = Release|Any CPU
		{E63F39CF-F042-4503-8E52-B4FA4324CF37}.Release|ARM.Deploy.0 = Release|Any CPU
		{E63F39CF-F042-4503-8E52-B4FA4324CF37}.Release|iPhone.ActiveCfg = Release|Any CPU
		{E63F39CF-F042-4503-8E52-B4FA4324CF37}.Release|iPhone.Build.0 = Release|Any CPU
		{E63F39CF-F042-4503-8E52-B4FA4324CF37}.Release|iPhone.Deploy.0 = Release|Any CPU
		{E63F39CF-F042-4503-8E52-B4FA4324CF37}.Release|iPhoneSimulator.ActiveCfg = Release|Any CPU
		{E63F39CF-F042-4503-8E52-B4FA4324CF37}.Release|iPhoneSimulator.Build.0 = Release|Any CPU
		{E63F39CF-F042-4503-8E52-B4FA4324CF37}.Release|iPhoneSimulator.Deploy.0 = Release|Any CPU
		{E63F39CF-F042-4503-8E52-B4FA4324CF37}.Release|x64.ActiveCfg = Release|Any CPU
		{E63F39CF-F042-4503-8E52-B4FA4324CF37}.Release|x64.Build.0 = Release|Any CPU
		{E63F39CF-F042-4503-8E52-B4FA4324CF37}.Release|x64.Deploy.0 = Release|Any CPU
		{E63F39CF-F042-4503-8E52-B4FA4324CF37}.Release|x86.ActiveCfg = Release|Any CPU
		{E63F39CF-F042-4503-8E52-B4FA4324CF37}.Release|x86.Build.0 = Release|Any CPU
		{E63F39CF-F042-4503-8E52-B4FA4324CF37}.Release|x86.Deploy.0 = Release|Any CPU
		{52F0848D-9BB8-46DC-8E5C-99B288D5E2A8}.Ad-Hoc|Any CPU.ActiveCfg = Ad-Hoc|iPhone
		{52F0848D-9BB8-46DC-8E5C-99B288D5E2A8}.Ad-Hoc|ARM.ActiveCfg = Ad-Hoc|iPhone
		{52F0848D-9BB8-46DC-8E5C-99B288D5E2A8}.Ad-Hoc|iPhone.ActiveCfg = Ad-Hoc|iPhone
		{52F0848D-9BB8-46DC-8E5C-99B288D5E2A8}.Ad-Hoc|iPhone.Build.0 = Ad-Hoc|iPhone
		{52F0848D-9BB8-46DC-8E5C-99B288D5E2A8}.Ad-Hoc|iPhoneSimulator.ActiveCfg = Ad-Hoc|iPhoneSimulator
		{52F0848D-9BB8-46DC-8E5C-99B288D5E2A8}.Ad-Hoc|iPhoneSimulator.Build.0 = Ad-Hoc|iPhoneSimulator
		{52F0848D-9BB8-46DC-8E5C-99B288D5E2A8}.Ad-Hoc|x64.ActiveCfg = Ad-Hoc|iPhone
		{52F0848D-9BB8-46DC-8E5C-99B288D5E2A8}.Ad-Hoc|x86.ActiveCfg = Ad-Hoc|iPhone
		{52F0848D-9BB8-46DC-8E5C-99B288D5E2A8}.AppStore|Any CPU.ActiveCfg = AppStore|iPhone
		{52F0848D-9BB8-46DC-8E5C-99B288D5E2A8}.AppStore|ARM.ActiveCfg = AppStore|iPhone
		{52F0848D-9BB8-46DC-8E5C-99B288D5E2A8}.AppStore|iPhone.ActiveCfg = AppStore|iPhone
		{52F0848D-9BB8-46DC-8E5C-99B288D5E2A8}.AppStore|iPhone.Build.0 = AppStore|iPhone
		{52F0848D-9BB8-46DC-8E5C-99B288D5E2A8}.AppStore|iPhoneSimulator.ActiveCfg = AppStore|iPhoneSimulator
		{52F0848D-9BB8-46DC-8E5C-99B288D5E2A8}.AppStore|iPhoneSimulator.Build.0 = AppStore|iPhoneSimulator
		{52F0848D-9BB8-46DC-8E5C-99B288D5E2A8}.AppStore|x64.ActiveCfg = AppStore|iPhone
		{52F0848D-9BB8-46DC-8E5C-99B288D5E2A8}.AppStore|x86.ActiveCfg = AppStore|iPhone
		{52F0848D-9BB8-46DC-8E5C-99B288D5E2A8}.Debug|Any CPU.ActiveCfg = Debug|iPhone
		{52F0848D-9BB8-46DC-8E5C-99B288D5E2A8}.Debug|ARM.ActiveCfg = Debug|iPhone
		{52F0848D-9BB8-46DC-8E5C-99B288D5E2A8}.Debug|iPhone.ActiveCfg = Debug|iPhone
		{52F0848D-9BB8-46DC-8E5C-99B288D5E2A8}.Debug|iPhone.Build.0 = Debug|iPhone
		{52F0848D-9BB8-46DC-8E5C-99B288D5E2A8}.Debug|iPhoneSimulator.ActiveCfg = Debug|iPhoneSimulator
		{52F0848D-9BB8-46DC-8E5C-99B288D5E2A8}.Debug|iPhoneSimulator.Build.0 = Debug|iPhoneSimulator
		{52F0848D-9BB8-46DC-8E5C-99B288D5E2A8}.Debug|x64.ActiveCfg = Debug|iPhone
		{52F0848D-9BB8-46DC-8E5C-99B288D5E2A8}.Debug|x86.ActiveCfg = Debug|iPhone
		{52F0848D-9BB8-46DC-8E5C-99B288D5E2A8}.Release|Any CPU.ActiveCfg = Release|iPhone
		{52F0848D-9BB8-46DC-8E5C-99B288D5E2A8}.Release|ARM.ActiveCfg = Release|iPhone
		{52F0848D-9BB8-46DC-8E5C-99B288D5E2A8}.Release|iPhone.ActiveCfg = Release|iPhone
		{52F0848D-9BB8-46DC-8E5C-99B288D5E2A8}.Release|iPhone.Build.0 = Release|iPhone
		{52F0848D-9BB8-46DC-8E5C-99B288D5E2A8}.Release|iPhoneSimulator.ActiveCfg = Release|iPhoneSimulator
		{52F0848D-9BB8-46DC-8E5C-99B288D5E2A8}.Release|iPhoneSimulator.Build.0 = Release|iPhoneSimulator
		{52F0848D-9BB8-46DC-8E5C-99B288D5E2A8}.Release|x64.ActiveCfg = Release|iPhone
		{52F0848D-9BB8-46DC-8E5C-99B288D5E2A8}.Release|x86.ActiveCfg = Release|iPhone
	EndGlobalSection
	GlobalSection(SolutionProperties) = preSolution
		HideSolutionNode = FALSE
	EndGlobalSection
EndGlobal
